{
  "name": "temp-install",
  "version": "1.0.0",
  "lockfileVersion": 3,
  "requires": true,
  "packages": {
    "": {
      "name": "temp-install",
      "version": "1.0.0",
      "license": "ISC",
      "dependencies": {
        "@wydev/amail": "file:../packages/amail/wydev-amail-1.1.5.tgz"
      }
    },
    "node_modules/@wydev/amail": {
      "version": "1.1.5",
      "resolved": "file:../packages/amail/wydev-amail-1.1.5.tgz",
      "integrity": "sha512-CqqjTcLUpGv6ZVbTEmTX+y9kUltydIN2sS52I5NcG4qfW4jPRAUhTXKjJjF8LHIbv20EGIV88PRdvxFJ5ssq/Q==",
      "license": "MIT",
      "engines": {
        "node": ">=18"
      }
    }
  }
}
